
Microsoft Visual Studio Solution File, Format Version 12.00
# Visual Studio 15
VisualStudioVersion = 15.0.28307.168
MinimumVisualStudioVersion = 10.0.40219.1
Project("{9A19103F-16F7-4668-BE54-9A1E7A4F7556}") = "Cel.Esd.Api", "Cel.Esd.Api\Cel.Esd.Api.csproj", "{3B951A84-6C1F-4E3C-934C-662A66A22C86}"
EndProject
Project("{2150E333-8FDC-42A3-9474-1A3956D46DE8}") = "Solution Items", "Solution Items", "{4B5BF766-CFC9-4BC4-9257-4A376BCB5F91}"
	ProjectSection(SolutionItems) = preProject
		Notes.txt = Notes.txt
	EndProjectSection
EndProject
Project("{2150E333-8FDC-42A3-9474-1A3956D46DE8}") = "01 - Presentation", "01 - Presentation", "{8CC16614-8683-412D-B543-57E7709B3209}"
EndProject
Project("{2150E333-8FDC-42A3-9474-1A3956D46DE8}") = "02 - Application", "02 - Application", "{FD92945A-1AC5-40E6-A57B-011C7C1B1F86}"
EndProject
Project("{2150E333-8FDC-42A3-9474-1A3956D46DE8}") = "03 - Domain", "03 - Domain", "{CDA1BD95-C46F-42E1-8FCE-C6B0F5E0D04C}"
EndProject
Project("{2150E333-8FDC-42A3-9474-1A3956D46DE8}") = "04 - Infrastructure", "04 - Infrastructure", "{0F696859-94EE-4D60-9FE6-F828698E875A}"
EndProject
Project("{2150E333-8FDC-42A3-9474-1A3956D46DE8}") = "4.2 - Identity", "4.2 - Identity", "{CBE9E722-88FB-45F4-B0B1-EF3912EC85C6}"
EndProject
Project("{2150E333-8FDC-42A3-9474-1A3956D46DE8}") = "4.1 - Data", "4.1 - Data", "{1D757E38-370E-4F54-A159-A631FEE45B5E}"
EndProject
Project("{9A19103F-16F7-4668-BE54-9A1E7A4F7556}") = "Cel.Esd.Application", "Cel.Esd.Application\Cel.Esd.Application.csproj", "{7CBE041E-7251-4B6A-9D7B-2CAB89E6A60F}"
EndProject
Project("{9A19103F-16F7-4668-BE54-9A1E7A4F7556}") = "Cel.Esd.Domain", "Cel.Esd.Domain\Cel.Esd.Domain.csproj", "{C8254735-79BB-4F86-ABD0-5DDB5DA443C3}"
EndProject
Project("{9A19103F-16F7-4668-BE54-9A1E7A4F7556}") = "Cel.Esd.SqlServer", "Cel.Esd.SqlServer\Cel.Esd.SqlServer.csproj", "{8133238F-D336-4095-88CC-ADC8C5D10C31}"
EndProject
Project("{2150E333-8FDC-42A3-9474-1A3956D46DE8}") = "SqlServer", "SqlServer", "{0BE895CA-0E26-4F96-873E-9C8A318D4F16}"
EndProject
Project("{2150E333-8FDC-42A3-9474-1A3956D46DE8}") = "4.3 - Azure", "4.3 - Azure", "{843D8B1D-E053-4E3D-B3EC-F1CBFD7773FB}"
EndProject
Project("{9A19103F-16F7-4668-BE54-9A1E7A4F7556}") = "Cel.Esd.Identity", "Cel.Esd.Identity\Cel.Esd.Identity.csproj", "{822A99F9-5C26-4BEE-9DB0-7C1C67DCA679}"
EndProject
Project("{9A19103F-16F7-4668-BE54-9A1E7A4F7556}") = "Cel.Esd.Azure", "Cel.Esd.Azure\Cel.Esd.Azure.csproj", "{1FDD071F-AEF8-46FA-A862-EB347A99AF6B}"
EndProject
Project("{FAE04EC0-301F-11D3-BF4B-00C04F79EFBC}") = "Cel.Esd.EntityFramework", "Cel.Esd.EntityFramework\Cel.Esd.EntityFramework.csproj", "{FCF2FB44-AD1F-4288-B558-6A82FE96004B}"
EndProject
Global
	GlobalSection(SolutionConfigurationPlatforms) = preSolution
		Debug|Any CPU = Debug|Any CPU
		Release|Any CPU = Release|Any CPU
	EndGlobalSection
	GlobalSection(ProjectConfigurationPlatforms) = postSolution
		{3B951A84-6C1F-4E3C-934C-662A66A22C86}.Debug|Any CPU.ActiveCfg = Debug|Any CPU
		{3B951A84-6C1F-4E3C-934C-662A66A22C86}.Debug|Any CPU.Build.0 = Debug|Any CPU
		{3B951A84-6C1F-4E3C-934C-662A66A22C86}.Release|Any CPU.ActiveCfg = Release|Any CPU
		{3B951A84-6C1F-4E3C-934C-662A66A22C86}.Release|Any CPU.Build.0 = Release|Any CPU
		{7CBE041E-7251-4B6A-9D7B-2CAB89E6A60F}.Debug|Any CPU.ActiveCfg = Debug|Any CPU
		{7CBE041E-7251-4B6A-9D7B-2CAB89E6A60F}.Debug|Any CPU.Build.0 = Debug|Any CPU
		{7CBE041E-7251-4B6A-9D7B-2CAB89E6A60F}.Release|Any CPU.ActiveCfg = Release|Any CPU
		{7CBE041E-7251-4B6A-9D7B-2CAB89E6A60F}.Release|Any CPU.Build.0 = Release|Any CPU
		{C8254735-79BB-4F86-ABD0-5DDB5DA443C3}.Debug|Any CPU.ActiveCfg = Debug|Any CPU
		{C8254735-79BB-4F86-ABD0-5DDB5DA443C3}.Debug|Any CPU.Build.0 = Debug|Any CPU
		{C8254735-79BB-4F86-ABD0-5DDB5DA443C3}.Release|Any CPU.ActiveCfg = Release|Any CPU
		{C8254735-79BB-4F86-ABD0-5DDB5DA443C3}.Release|Any CPU.Build.0 = Release|Any CPU
		{8133238F-D336-4095-88CC-ADC8C5D10C31}.Debug|Any CPU.ActiveCfg = Debug|Any CPU
		{8133238F-D336-4095-88CC-ADC8C5D10C31}.Debug|Any CPU.Build.0 = Debug|Any CPU
		{8133238F-D336-4095-88CC-ADC8C5D10C31}.Release|Any CPU.ActiveCfg = Release|Any CPU
		{8133238F-D336-4095-88CC-ADC8C5D10C31}.Release|Any CPU.Build.0 = Release|Any CPU
		{822A99F9-5C26-4BEE-9DB0-7C1C67DCA679}.Debug|Any CPU.ActiveCfg = Debug|Any CPU
		{822A99F9-5C26-4BEE-9DB0-7C1C67DCA679}.Debug|Any CPU.Build.0 = Debug|Any CPU
		{822A99F9-5C26-4BEE-9DB0-7C1C67DCA679}.Release|Any CPU.ActiveCfg = Release|Any CPU
		{822A99F9-5C26-4BEE-9DB0-7C1C67DCA679}.Release|Any CPU.Build.0 = Release|Any CPU
		{1FDD071F-AEF8-46FA-A862-EB347A99AF6B}.Debug|Any CPU.ActiveCfg = Debug|Any CPU
		{1FDD071F-AEF8-46FA-A862-EB347A99AF6B}.Debug|Any CPU.Build.0 = Debug|Any CPU
		{1FDD071F-AEF8-46FA-A862-EB347A99AF6B}.Release|Any CPU.ActiveCfg = Release|Any CPU
		{1FDD071F-AEF8-46FA-A862-EB347A99AF6B}.Release|Any CPU.Build.0 = Release|Any CPU
		{FCF2FB44-AD1F-4288-B558-6A82FE96004B}.Debug|Any CPU.ActiveCfg = Debug|Any CPU
		{FCF2FB44-AD1F-4288-B558-6A82FE96004B}.Debug|Any CPU.Build.0 = Debug|Any CPU
		{FCF2FB44-AD1F-4288-B558-6A82FE96004B}.Release|Any CPU.ActiveCfg = Release|Any CPU
		{FCF2FB44-AD1F-4288-B558-6A82FE96004B}.Release|Any CPU.Build.0 = Release|Any CPU
	EndGlobalSection
	GlobalSection(SolutionProperties) = preSolution
		HideSolutionNode = FALSE
	EndGlobalSection
	GlobalSection(NestedProjects) = preSolution
		{3B951A84-6C1F-4E3C-934C-662A66A22C86} = {8CC16614-8683-412D-B543-57E7709B3209}
		{CBE9E722-88FB-45F4-B0B1-EF3912EC85C6} = {0F696859-94EE-4D60-9FE6-F828698E875A}
		{1D757E38-370E-4F54-A159-A631FEE45B5E} = {0F696859-94EE-4D60-9FE6-F828698E875A}
		{7CBE041E-7251-4B6A-9D7B-2CAB89E6A60F} = {FD92945A-1AC5-40E6-A57B-011C7C1B1F86}
		{C8254735-79BB-4F86-ABD0-5DDB5DA443C3} = {CDA1BD95-C46F-42E1-8FCE-C6B0F5E0D04C}
		{8133238F-D336-4095-88CC-ADC8C5D10C31} = {0BE895CA-0E26-4F96-873E-9C8A318D4F16}
		{0BE895CA-0E26-4F96-873E-9C8A318D4F16} = {1D757E38-370E-4F54-A159-A631FEE45B5E}
		{843D8B1D-E053-4E3D-B3EC-F1CBFD7773FB} = {0F696859-94EE-4D60-9FE6-F828698E875A}
		{822A99F9-5C26-4BEE-9DB0-7C1C67DCA679} = {CBE9E722-88FB-45F4-B0B1-EF3912EC85C6}
		{1FDD071F-AEF8-46FA-A862-EB347A99AF6B} = {843D8B1D-E053-4E3D-B3EC-F1CBFD7773FB}
		{FCF2FB44-AD1F-4288-B558-6A82FE96004B} = {0BE895CA-0E26-4F96-873E-9C8A318D4F16}
	EndGlobalSection
	GlobalSection(ExtensibilityGlobals) = postSolution
		SolutionGuid = {330F3621-C00A-428C-BA3E-2361526BC3EF}
	EndGlobalSection
EndGlobal
